
Microsoft Visual Studio Solution File, Format Version 12.00
# Visual Studio Version 16
VisualStudioVersion = 16.0.30320.27
MinimumVisualStudioVersion = 10.0.40219.1
Project("{FAE04EC0-301F-11D3-BF4B-00C04F79EFBC}") = "LearnCSharp", "LearnCSharp\LearnCSharp.csproj", "{33E5FB1C-225D-4B3B-8112-725B1A9614E7}"
EndProject
Global
	GlobalSection(SolutionConfigurationPlatforms) = preSolution
		Debug|Any CPU = Debug|Any CPU
		Release|Any CPU = Release|Any CPU
	EndGlobalSection
	GlobalSection(ProjectConfigurationPlatforms) = postSolution
		{33E5FB1C-225D-4B3B-8112-725B1A9614E7}.Debug|Any CPU.ActiveCfg = Debug|Any CPU
		{33E5FB1C-225D-4B3B-8112-725B1A9614E7}.Debug|Any CPU.Build.0 = Debug|Any CPU
		{33E5FB1C-225D-4B3B-8112-725B1A9614E7}.Release|Any CPU.ActiveCfg = Release|Any CPU
		{33E5FB1C-225D-4B3B-8112-725B1A9614E7}.Release|Any CPU.Build.0 = Release|Any CPU
	EndGlobalSection
	GlobalSection(SolutionProperties) = preSolution
		HideSolutionNode = FALSE
	EndGlobalSection
	GlobalSection(ExtensibilityGlobals) = postSolution
		SolutionGuid = {3E48478C-94C8-4080-A265-FA285AD2AF8F}
	EndGlobalSection
EndGlobal
